
Microsoft Visual Studio Solution File, Format Version 12.00
# Visual Studio Version 16
VisualStudioVersion = 16.0.29509.3
MinimumVisualStudioVersion = 10.0.40219.1
Project("{9A19103F-16F7-4668-BE54-9A1E7A4F7556}") = "Luna.Data", "Luna.Data\Luna.Data.csproj", "{800476FC-6BFD-4670-9732-5988D6D73E35}"
EndProject
Project("{9A19103F-16F7-4668-BE54-9A1E7A4F7556}") = "Luna.Clients", "Luna.Clients\Luna.Clients.csproj", "{111B22F1-9AA9-4CD9-9E0F-D506C746BC7F}"
EndProject
Project("{9A19103F-16F7-4668-BE54-9A1E7A4F7556}") = "Luna.API", "Luna.API\Luna.API.csproj", "{FD4E1624-4BE8-4E76-BD21-5F4B6A4DA064}"
EndProject
Project("{9A19103F-16F7-4668-BE54-9A1E7A4F7556}") = "Luna.WebJobs", "Luna.WebJobs\Luna.WebJobs.csproj", "{31890208-8C21-4736-992B-F37F853046E7}"
EndProject
Project("{9A19103F-16F7-4668-BE54-9A1E7A4F7556}") = "Luna.Services", "Luna.Services\Luna.Services.csproj", "{CCBA4A71-D0E2-426F-A6B8-F95BAD38E10F}"
EndProject
Project("{9A19103F-16F7-4668-BE54-9A1E7A4F7556}") = "Microsoft.Identity.Web", "Microsoft.Identity.Web\Microsoft.Identity.Web.csproj", "{B07A9390-CF9C-41B8-B1D0-E844EF6FAAF2}"
EndProject
Project("{888888A0-9F3D-457C-B088-3A5042F75D52}") = "Luna.Agent", "Luna.Agent\Luna.Agent\Luna.Agent.pyproj", "{6F1C1AD3-F319-4F0F-9827-CFADDF1B63C6}"
EndProject
Global
	GlobalSection(SolutionConfigurationPlatforms) = preSolution
		Debug|Any CPU = Debug|Any CPU
		Release|Any CPU = Release|Any CPU
	EndGlobalSection
	GlobalSection(ProjectConfigurationPlatforms) = postSolution
		{800476FC-6BFD-4670-9732-5988D6D73E35}.Debug|Any CPU.ActiveCfg = Debug|Any CPU
		{800476FC-6BFD-4670-9732-5988D6D73E35}.Debug|Any CPU.Build.0 = Debug|Any CPU
		{800476FC-6BFD-4670-9732-5988D6D73E35}.Release|Any CPU.ActiveCfg = Release|Any CPU
		{800476FC-6BFD-4670-9732-5988D6D73E35}.Release|Any CPU.Build.0 = Release|Any CPU
		{111B22F1-9AA9-4CD9-9E0F-D506C746BC7F}.Debug|Any CPU.ActiveCfg = Debug|Any CPU
		{111B22F1-9AA9-4CD9-9E0F-D506C746BC7F}.Debug|Any CPU.Build.0 = Debug|Any CPU
		{111B22F1-9AA9-4CD9-9E0F-D506C746BC7F}.Release|Any CPU.ActiveCfg = Release|Any CPU
		{111B22F1-9AA9-4CD9-9E0F-D506C746BC7F}.Release|Any CPU.Build.0 = Release|Any CPU
		{FD4E1624-4BE8-4E76-BD21-5F4B6A4DA064}.Debug|Any CPU.ActiveCfg = Debug|Any CPU
		{FD4E1624-4BE8-4E76-BD21-5F4B6A4DA064}.Debug|Any CPU.Build.0 = Debug|Any CPU
		{FD4E1624-4BE8-4E76-BD21-5F4B6A4DA064}.Release|Any CPU.ActiveCfg = Release|Any CPU
		{FD4E1624-4BE8-4E76-BD21-5F4B6A4DA064}.Release|Any CPU.Build.0 = Release|Any CPU
		{31890208-8C21-4736-992B-F37F853046E7}.Debug|Any CPU.ActiveCfg = Debug|Any CPU
		{31890208-8C21-4736-992B-F37F853046E7}.Debug|Any CPU.Build.0 = Debug|Any CPU
		{31890208-8C21-4736-992B-F37F853046E7}.Release|Any CPU.ActiveCfg = Release|Any CPU
		{31890208-8C21-4736-992B-F37F853046E7}.Release|Any CPU.Build.0 = Release|Any CPU
		{CCBA4A71-D0E2-426F-A6B8-F95BAD38E10F}.Debug|Any CPU.ActiveCfg = Debug|Any CPU
		{CCBA4A71-D0E2-426F-A6B8-F95BAD38E10F}.Debug|Any CPU.Build.0 = Debug|Any CPU
		{CCBA4A71-D0E2-426F-A6B8-F95BAD38E10F}.Release|Any CPU.ActiveCfg = Release|Any CPU
		{CCBA4A71-D0E2-426F-A6B8-F95BAD38E10F}.Release|Any CPU.Build.0 = Release|Any CPU
		{B07A9390-CF9C-41B8-B1D0-E844EF6FAAF2}.Debug|Any CPU.ActiveCfg = Debug|Any CPU
		{B07A9390-CF9C-41B8-B1D0-E844EF6FAAF2}.Debug|Any CPU.Build.0 = Debug|Any CPU
		{B07A9390-CF9C-41B8-B1D0-E844EF6FAAF2}.Release|Any CPU.ActiveCfg = Release|Any CPU
		{B07A9390-CF9C-41B8-B1D0-E844EF6FAAF2}.Release|Any CPU.Build.0 = Release|Any CPU
		{6F1C1AD3-F319-4F0F-9827-CFADDF1B63C6}.Debug|Any CPU.ActiveCfg = Debug|Any CPU
		{6F1C1AD3-F319-4F0F-9827-CFADDF1B63C6}.Debug|Any CPU.Build.0 = Debug|Any CPU
		{6F1C1AD3-F319-4F0F-9827-CFADDF1B63C6}.Release|Any CPU.ActiveCfg = Release|Any CPU
		{6F1C1AD3-F319-4F0F-9827-CFADDF1B63C6}.Release|Any CPU.Build.0 = Release|Any CPU
	EndGlobalSection
	GlobalSection(SolutionProperties) = preSolution
		HideSolutionNode = FALSE
	EndGlobalSection
	GlobalSection(ExtensibilityGlobals) = postSolution
		SolutionGuid = {2EF50173-E909-42F6-89B2-F4B704BD4580}
	EndGlobalSection
EndGlobal
