
Microsoft Visual Studio Solution File, Format Version 12.00
# Visual Studio 15
VisualStudioVersion = 15.0.28307.645
MinimumVisualStudioVersion = 10.0.40219.1
Project("{9A19103F-16F7-4668-BE54-9A1E7A4F7556}") = "CognitiveSearch.WebApi", "CognitiveSearch.WebApi\CognitiveSearch.WebApi.csproj", "{200D6897-07E4-4208-B607-2B9237F2D7EC}"
EndProject
Project("{9A19103F-16F7-4668-BE54-9A1E7A4F7556}") = "CognitiveSearch.Azure", "CognitiveSearch.Azure\CognitiveSearch.Azure.csproj", "{764FD47A-8E95-41B9-98A1-21256895B061}"
EndProject
Project("{9A19103F-16F7-4668-BE54-9A1E7A4F7556}") = "CognitiveSearch.CustomSkills", "CognitiveSearch.CustomSkills\CognitiveSearch.CustomSkills.csproj", "{21DA5505-D5E0-41FE-BB1C-6EF211DEA92C}"
EndProject
Project("{9A19103F-16F7-4668-BE54-9A1E7A4F7556}") = "CognitiveSearch.Web", "CognitiveSearch.Web\CognitiveSearch.Web.csproj", "{9156B5C2-4B79-4211-A14F-424D59F96CE3}"
EndProject
Project("{9A19103F-16F7-4668-BE54-9A1E7A4F7556}") = "KMAHomepage", "KMAHomepage\KMAHomepage.csproj", "{EC6E0204-03DC-4605-8DCB-2856802E63CC}"
EndProject
Global
	GlobalSection(SolutionConfigurationPlatforms) = preSolution
		Debug|Any CPU = Debug|Any CPU
		Release|Any CPU = Release|Any CPU
	EndGlobalSection
	GlobalSection(ProjectConfigurationPlatforms) = postSolution
		{200D6897-07E4-4208-B607-2B9237F2D7EC}.Debug|Any CPU.ActiveCfg = Debug|Any CPU
		{200D6897-07E4-4208-B607-2B9237F2D7EC}.Debug|Any CPU.Build.0 = Debug|Any CPU
		{200D6897-07E4-4208-B607-2B9237F2D7EC}.Release|Any CPU.ActiveCfg = Release|Any CPU
		{200D6897-07E4-4208-B607-2B9237F2D7EC}.Release|Any CPU.Build.0 = Release|Any CPU
		{764FD47A-8E95-41B9-98A1-21256895B061}.Debug|Any CPU.ActiveCfg = Debug|Any CPU
		{764FD47A-8E95-41B9-98A1-21256895B061}.Debug|Any CPU.Build.0 = Debug|Any CPU
		{764FD47A-8E95-41B9-98A1-21256895B061}.Release|Any CPU.ActiveCfg = Release|Any CPU
		{764FD47A-8E95-41B9-98A1-21256895B061}.Release|Any CPU.Build.0 = Release|Any CPU
		{21DA5505-D5E0-41FE-BB1C-6EF211DEA92C}.Debug|Any CPU.ActiveCfg = Debug|Any CPU
		{21DA5505-D5E0-41FE-BB1C-6EF211DEA92C}.Debug|Any CPU.Build.0 = Debug|Any CPU
		{21DA5505-D5E0-41FE-BB1C-6EF211DEA92C}.Release|Any CPU.ActiveCfg = Release|Any CPU
		{21DA5505-D5E0-41FE-BB1C-6EF211DEA92C}.Release|Any CPU.Build.0 = Release|Any CPU
		{9156B5C2-4B79-4211-A14F-424D59F96CE3}.Debug|Any CPU.ActiveCfg = Debug|Any CPU
		{9156B5C2-4B79-4211-A14F-424D59F96CE3}.Debug|Any CPU.Build.0 = Debug|Any CPU
		{9156B5C2-4B79-4211-A14F-424D59F96CE3}.Release|Any CPU.ActiveCfg = Release|Any CPU
		{9156B5C2-4B79-4211-A14F-424D59F96CE3}.Release|Any CPU.Build.0 = Release|Any CPU
		{EC6E0204-03DC-4605-8DCB-2856802E63CC}.Debug|Any CPU.ActiveCfg = Debug|Any CPU
		{EC6E0204-03DC-4605-8DCB-2856802E63CC}.Debug|Any CPU.Build.0 = Debug|Any CPU
		{EC6E0204-03DC-4605-8DCB-2856802E63CC}.Release|Any CPU.ActiveCfg = Release|Any CPU
		{EC6E0204-03DC-4605-8DCB-2856802E63CC}.Release|Any CPU.Build.0 = Release|Any CPU
	EndGlobalSection
	GlobalSection(SolutionProperties) = preSolution
		HideSolutionNode = FALSE
	EndGlobalSection
	GlobalSection(ExtensibilityGlobals) = postSolution
		SolutionGuid = {9A30E3F8-5B77-4F75-8D04-AD35AE79C5C8}
	EndGlobalSection
EndGlobal
